// !$*UTF8*$!
{
	archiveVersion = 1;
	classes = {
	};
	objectVersion = 50;
	objects = {

/* Begin PBXBuildFile section */
		FC404AAE264D307E00524BCC /* piano.mp3 in Resources */ = {isa = PBXBuildFile; fileRef = FC404AAD264D307E00524BCC /* piano.mp3 */; };
		FCADCFE7261227A100E52960 /* AppDelegate.swift in Sources */ = {isa = PBXBuildFile; fileRef = FCADCFE6261227A100E52960 /* AppDelegate.swift */; };
		FCADCFE9261227A100E52960 /* SceneDelegate.swift in Sources */ = {isa = PBXBuildFile; fileRef = FCADCFE8261227A100E52960 /* SceneDelegate.swift */; };
		FCADCFEB261227A100E52960 /* ViewController.swift in Sources */ = {isa = PBXBuildFile; fileRef = FCADCFEA261227A100E52960 /* ViewController.swift */; };
		FCADCFEE261227A100E52960 /* Main.storyboard in Resources */ = {isa = PBXBuildFile; fileRef = FCADCFEC261227A100E52960 /* Main.storyboard */; };
		FCADCFF0261227A200E52960 /* Assets.xcassets in Resources */ = {isa = PBXBuildFile; fileRef = FCADCFEF261227A200E52960 /* Assets.xcassets */; };
		FCADCFF3261227A200E52960 /* LaunchScreen.storyboard in Resources */ = {isa = PBXBuildFile; fileRef = FCADCFF1261227A200E52960 /* LaunchScreen.storyboard */; };
		FCADD023261228AD00E52960 /* Bundle_Example_Framework.framework in Frameworks */ = {isa = PBXBuildFile; fileRef = FCADD022261228AD00E52960 /* Bundle_Example_Framework.framework */; };
		FCADD024261228AD00E52960 /* Bundle_Example_Framework.framework in Embed Frameworks */ = {isa = PBXBuildFile; fileRef = FCADD022261228AD00E52960 /* Bundle_Example_Framework.framework */; settings = {ATTRIBUTES = (CodeSignOnCopy, RemoveHeadersOnCopy, ); }; };
/* End PBXBuildFile section */

/* Begin PBXCopyFilesBuildPhase section */
		FCADD025261228AD00E52960 /* Embed Frameworks */ = {
			isa = PBXCopyFilesBuildPhase;
			buildActionMask = 2147483647;
			dstPath = "";
			dstSubfolderSpec = 10;
			files = (
				FCADD024261228AD00E52960 /* Bundle_Example_Framework.framework in Embed Frameworks */,
			);
			name = "Embed Frameworks";
			runOnlyForDeploymentPostprocessing = 0;
		};
/* End PBXCopyFilesBuildPhase section */

/* Begin PBXFileReference section */
		FC404AAD264D307E00524BCC /* piano.mp3 */ = {isa = PBXFileReference; lastKnownFileType = audio.mp3; path = piano.mp3; sourceTree = "<group>"; };
		FCADCFE3261227A100E52960 /* Bundle Example.app */ = {isa = PBXFileReference; explicitFileType = wrapper.application; includeInIndex = 0; path = "Bundle Example.app"; sourceTree = BUILT_PRODUCTS_DIR; };
		FCADCFE6261227A100E52960 /* AppDelegate.swift */ = {isa = PBXFileReference; lastKnownFileType = sourcecode.swift; path = AppDelegate.swift; sourceTree = "<group>"; };
		FCADCFE8261227A100E52960 /* SceneDelegate.swift */ = {isa = PBXFileReference; lastKnownFileType = sourcecode.swift; path = SceneDelegate.swift; sourceTree = "<group>"; };
		FCADCFEA261227A100E52960 /* ViewController.swift */ = {isa = PBXFileReference; lastKnownFileType = sourcecode.swift; path = ViewController.swift; sourceTree = "<group>"; };
		FCADCFED261227A100E52960 /* Base */ = {isa = PBXFileReference; lastKnownFileType = file.storyboard; name = Base; path = Base.lproj/Main.storyboard; sourceTree = "<group>"; };
		FCADCFEF261227A200E52960 /* Assets.xcassets */ = {isa = PBXFileReference; lastKnownFileType = folder.assetcatalog; path = Assets.xcassets; sourceTree = "<group>"; };
		FCADCFF2261227A200E52960 /* Base */ = {isa = PBXFileReference; lastKnownFileType = file.storyboard; name = Base; path = Base.lproj/LaunchScreen.storyboard; sourceTree = "<group>"; };
		FCADCFF4261227A200E52960 /* Info.plist */ = {isa = PBXFileReference; lastKnownFileType = text.plist.xml; path = Info.plist; sourceTree = "<group>"; };
		FCADD022261228AD00E52960 /* Bundle_Example_Framework.framework */ = {isa = PBXFileReference; explicitFileType = wrapper.framework; path = Bundle_Example_Framework.framework; sourceTree = BUILT_PRODUCTS_DIR; };
/* End PBXFileReference section */

/* Begin PBXFrameworksBuildPhase section */
		FCADCFE0261227A100E52960 /* Frameworks */ = {
			isa = PBXFrameworksBuildPhase;
			buildActionMask = 2147483647;
			files = (
				FCADD023261228AD00E52960 /* Bundle_Example_Framework.framework in Frameworks */,
			);
			runOnlyForDeploymentPostprocessing = 0;
		};
/* End PBXFrameworksBuildPhase section */

/* Begin PBXGroup section */
		FCADCFDA261227A100E52960 = {
			isa = PBXGroup;
			children = (
				FCADCFE5261227A100E52960 /* Bundle Example */,
				FCADCFE4261227A100E52960 /* Products */,
				FCADD021261228AD00E52960 /* Frameworks */,
			);
			sourceTree = "<group>";
		};
		FCADCFE4261227A100E52960 /* Products */ = {
			isa = PBXGroup;
			children = (
				FCADCFE3261227A100E52960 /* Bundle Example.app */,
			);
			name = Products;
			sourceTree = "<group>";
		};
		FCADCFE5261227A100E52960 /* Bundle Example */ = {
			isa = PBXGroup;
			children = (
				FC404AAD264D307E00524BCC /* piano.mp3 */,
				FCADCFE6261227A100E52960 /* AppDelegate.swift */,
				FCADCFE8261227A100E52960 /* SceneDelegate.swift */,
				FCADCFEA261227A100E52960 /* ViewController.swift */,
				FCADCFEC261227A100E52960 /* Main.storyboard */,
				FCADCFEF261227A200E52960 /* Assets.xcassets */,
				FCADCFF1261227A200E52960 /* LaunchScreen.storyboard */,
				FCADCFF4261227A200E52960 /* Info.plist */,
			);
			path = "Bundle Example";
			sourceTree = "<group>";
		};
		FCADD021261228AD00E52960 /* Frameworks */ = {
			isa = PBXGroup;
			children = (
				FCADD022261228AD00E52960 /* Bundle_Example_Framework.framework */,
			);
			name = Frameworks;
			sourceTree = "<group>";
		};
/* End PBXGroup section */

/* Begin PBXNativeTarget section */
		FCADCFE2261227A100E52960 /* Bundle Example */ = {
			isa = PBXNativeTarget;
			buildConfigurationList = FCADCFF7261227A200E52960 /* Build configuration list for PBXNativeTarget "Bundle Example" */;
			buildPhases = (
				FCADCFDF261227A100E52960 /* Sources */,
				FCADCFE0261227A100E52960 /* Frameworks */,
				FCADCFE1261227A100E52960 /* Resources */,
				FCADD025261228AD00E52960 /* Embed Frameworks */,
			);
			buildRules = (
			);
			dependencies = (
			);
			name = "Bundle Example";
			productName = "Bundle Example";
			productReference = FCADCFE3261227A100E52960 /* Bundle Example.app */;
			productType = "com.apple.product-type.application";
		};
/* End PBXNativeTarget section */

/* Begin PBXProject section */
		FCADCFDB261227A100E52960 /* Project object */ = {
			isa = PBXProject;
			attributes = {
				LastSwiftUpdateCheck = 1240;
				LastUpgradeCheck = 1240;
				TargetAttributes = {
					FCADCFE2261227A100E52960 = {
						CreatedOnToolsVersion = 12.4;
					};
				};
			};
			buildConfigurationList = FCADCFDE261227A100E52960 /* Build configuration list for PBXProject "Bundle Example" */;
			compatibilityVersion = "Xcode 9.3";
			developmentRegion = en;
			hasScannedForEncodings = 0;
			knownRegions = (
				en,
				Base,
			);
			mainGroup = FCADCFDA261227A100E52960;
			productRefGroup = FCADCFE4261227A100E52960 /* Products */;
			projectDirPath = "";
			projectRoot = "";
			targets = (
				FCADCFE2261227A100E52960 /* Bundle Example */,
			);
		};
/* End PBXProject section */

/* Begin PBXResourcesBuildPhase section */
		FCADCFE1261227A100E52960 /* Resources */ = {
			isa = PBXResourcesBuildPhase;
			buildActionMask = 2147483647;
			files = (
				FCADCFF3261227A200E52960 /* LaunchScreen.storyboard in Resources */,
				FCADCFF0261227A200E52960 /* Assets.xcassets in Resources */,
				FC404AAE264D307E00524BCC /* piano.mp3 in Resources */,
				FCADCFEE261227A100E52960 /* Main.storyboard in Resources */,
			);
			runOnlyForDeploymentPostprocessing = 0;
		};
/* End PBXResourcesBuildPhase section */

/* Begin PBXSourcesBuildPhase section */
		FCADCFDF261227A100E52960 /* Sources */ = {
			isa = PBXSourcesBuildPhase;
			buildActionMask = 2147483647;
			files = (
				FCADCFEB261227A100E52960 /* ViewController.swift in Sources */,
				FCADCFE7261227A100E52960 /* AppDelegate.swift in Sources */,
				FCADCFE9261227A100E52960 /* SceneDelegate.swift in Sources */,
			);
			runOnlyForDeploymentPostprocessing = 0;
		};
/* End PBXSourcesBuildPhase section */

/* Begin PBXVariantGroup section */
		FCADCFEC261227A100E52960 /* Main.storyboard */ = {
			isa = PBXVariantGroup;
			children = (
				FCADCFED261227A100E52960 /* Base */,
			);
			name = Main.storyboard;
			sourceTree = "<group>";
		};
		FCADCFF1261227A200E52960 /* LaunchScreen.storyboard */ = {
			isa = PBXVariantGroup;
			children = (
				FCADCFF2261227A200E52960 /* Base */,
			);
			name = LaunchScreen.storyboard;
			sourceTree = "<group>";
		};
/* End PBXVariantGroup section */

/* Begin XCBuildConfiguration section */
		FCADCFF5261227A200E52960 /* Debug */ = {
			isa = XCBuildConfiguration;
			buildSettings = {
				ALWAYS_SEARCH_USER_PATHS = NO;
				CLANG_ANALYZER_NONNULL = YES;
				CLANG_ANALYZER_NUMBER_OBJECT_CONVERSION = YES_AGGRESSIVE;
				CLANG_CXX_LANGUAGE_STANDARD = "gnu++14";
				CLANG_CXX_LIBRARY = "libc++";
				CLANG_ENABLE_MODULES = YES;
				CLANG_ENABLE_OBJC_ARC = YES;
				CLANG_ENABLE_OBJC_WEAK = YES;
				CLANG_WARN_BLOCK_CAPTURE_AUTORELEASING = YES;
				CLANG_WARN_BOOL_CONVERSION = YES;
				CLANG_WARN_COMMA = YES;
				CLANG_WARN_CONSTANT_CONVERSION = YES;
				CLANG_WARN_DEPRECATED_OBJC_IMPLEMENTATIONS = YES;
				CLANG_WARN_DIRECT_OBJC_ISA_USAGE = YES_ERROR;
				CLANG_WARN_DOCUMENTATION_COMMENTS = YES;
				CLANG_WARN_EMPTY_BODY = YES;
				CLANG_WARN_ENUM_CONVERSION = YES;
				CLANG_WARN_INFINITE_RECURSION = YES;
				CLANG_WARN_INT_CONVERSION = YES;
				CLANG_WARN_NON_LITERAL_NULL_CONVERSION = YES;
				CLANG_WARN_OBJC_IMPLICIT_RETAIN_SELF = YES;
				CLANG_WARN_OBJC_LITERAL_CONVERSION = YES;
				CLANG_WARN_OBJC_ROOT_CLASS = YES_ERROR;
				CLANG_WARN_QUOTED_INCLUDE_IN_FRAMEWORK_HEADER = YES;
				CLANG_WARN_RANGE_LOOP_ANALYSIS = YES;
				CLANG_WARN_STRICT_PROTOTYPES = YES;
				CLANG_WARN_SUSPICIOUS_MOVE = YES;
				CLANG_WARN_UNGUARDED_AVAILABILITY = YES_AGGRESSIVE;
				CLANG_WARN_UNREACHABLE_CODE = YES;
				CLANG_WARN__DUPLICATE_METHOD_MATCH = YES;
				COPY_PHASE_STRIP = NO;
				DEBUG_INFORMATION_FORMAT = dwarf;
				ENABLE_STRICT_OBJC_MSGSEND = YES;
				ENABLE_TESTABILITY = YES;
				GCC_C_LANGUAGE_STANDARD = gnu11;
				GCC_DYNAMIC_NO_PIC = NO;
				GCC_NO_COMMON_BLOCKS = YES;
				GCC_OPTIMIZATION_LEVEL = 0;
				GCC_PREPROCESSOR_DEFINITIONS = (
					"DEBUG=1",
					"$(inherited)",
				);
				GCC_WARN_64_TO_32_BIT_CONVERSION = YES;
				GCC_WARN_ABOUT_RETURN_TYPE = YES_ERROR;
				GCC_WARN_UNDECLARED_SELECTOR = YES;
				GCC_WARN_UNINITIALIZED_AUTOS = YES_AGGRESSIVE;
				GCC_WARN_UNUSED_FUNCTION = YES;
				GCC_WARN_UNUSED_VARIABLE = YES;
				IPHONEOS_DEPLOYMENT_TARGET = 14.4;
				MTL_ENABLE_DEBUG_INFO = INCLUDE_SOURCE;
				MTL_FAST_MATH = YES;
				ONLY_ACTIVE_ARCH = YES;
				SDKROOT = iphoneos;
				SWIFT_ACTIVE_COMPILATION_CONDITIONS = DEBUG;
				SWIFT_OPTIMIZATION_LEVEL = "-Onone";
			};
			name = Debug;
		};
		FCADCFF6261227A200E52960 /* Release */ = {
			isa = XCBuildConfiguration;
			buildSettings = {
				ALWAYS_SEARCH_USER_PATHS = NO;
				CLANG_ANALYZER_NONNULL = YES;
				CLANG_ANALYZER_NUMBER_OBJECT_CONVERSION = YES_AGGRESSIVE;
				CLANG_CXX_LANGUAGE_STANDARD = "gnu++14";
				CLANG_CXX_LIBRARY = "libc++";
				CLANG_ENABLE_MODULES = YES;
				CLANG_ENABLE_OBJC_ARC = YES;
				CLANG_ENABLE_OBJC_WEAK = YES;
				CLANG_WARN_BLOCK_CAPTURE_AUTORELEASING = YES;
				CLANG_WARN_BOOL_CONVERSION = YES;
				CLANG_WARN_COMMA = YES;
				CLANG_WARN_CONSTANT_CONVERSION = YES;
				CLANG_WARN_DEPRECATED_OBJC_IMPLEMENTATIONS = YES;
				CLANG_WARN_DIRECT_OBJC_ISA_USAGE = YES_ERROR;
				CLANG_WARN_DOCUMENTATION_COMMENTS = YES;
				CLANG_WARN_EMPTY_BODY = YES;
				CLANG_WARN_ENUM_CONVERSION = YES;
				CLANG_WARN_INFINITE_RECURSION = YES;
				CLANG_WARN_INT_CONVERSION = YES;
				CLANG_WARN_NON_LITERAL_NULL_CONVERSION = YES;
				CLANG_WARN_OBJC_IMPLICIT_RETAIN_SELF = YES;
				CLANG_WARN_OBJC_LITERAL_CONVERSION = YES;
				CLANG_WARN_OBJC_ROOT_CLASS = YES_ERROR;
				CLANG_WARN_QUOTED_INCLUDE_IN_FRAMEWORK_HEADER = YES;
				CLANG_WARN_RANGE_LOOP_ANALYSIS = YES;
				CLANG_WARN_STRICT_PROTOTYPES = YES;
				CLANG_WARN_SUSPICIOUS_MOVE = YES;
				CLANG_WARN_UNGUARDED_AVAILABILITY = YES_AGGRESSIVE;
				CLANG_WARN_UNREACHABLE_CODE = YES;
				CLANG_WARN__DUPLICATE_METHOD_MATCH = YES;
				COPY_PHASE_STRIP = NO;
				DEBUG_INFORMATION_FORMAT = "dwarf-with-dsym";
				ENABLE_NS_ASSERTIONS = NO;
				ENABLE_STRICT_OBJC_MSGSEND = YES;
				GCC_C_LANGUAGE_STANDARD = gnu11;
				GCC_NO_COMMON_BLOCKS = YES;
				GCC_WARN_64_TO_32_BIT_CONVERSION = YES;
				GCC_WARN_ABOUT_RETURN_TYPE = YES_ERROR;
				GCC_WARN_UNDECLARED_SELECTOR = YES;
				GCC_WARN_UNINITIALIZED_AUTOS = YES_AGGRESSIVE;
				GCC_WARN_UNUSED_FUNCTION = YES;
				GCC_WARN_UNUSED_VARIABLE = YES;
				IPHONEOS_DEPLOYMENT_TARGET = 14.4;
				MTL_ENABLE_DEBUG_INFO = NO;
				MTL_FAST_MATH = YES;
				SDKROOT = iphoneos;
				SWIFT_COMPILATION_MODE = wholemodule;
				SWIFT_OPTIMIZATION_LEVEL = "-O";
				VALIDATE_PRODUCT = YES;
			};
			name = Release;
		};
		FCADCFF8261227A200E52960 /* Debug */ = {
			isa = XCBuildConfiguration;
			buildSettings = {
				ASSETCATALOG_COMPILER_APPICON_NAME = AppIcon;
				ASSETCATALOG_COMPILER_GLOBAL_ACCENT_COLOR_NAME = AccentColor;
				CODE_SIGN_STYLE = Automatic;
				DEVELOPMENT_TEAM = QQBP35G9A8;
				INFOPLIST_FILE = "Bundle Example/Info.plist";
				LD_RUNPATH_SEARCH_PATHS = (
					"$(inherited)",
					"@executable_path/Frameworks",
				);
				PRODUCT_BUNDLE_IDENTIFIER = "com.mikhailra.Bundle-Example";
				PRODUCT_NAME = "$(TARGET_NAME)";
				SWIFT_VERSION = 5.0;
				TARGETED_DEVICE_FAMILY = "1,2";
			};
			name = Debug;
		};
		FCADCFF9261227A200E52960 /* Release */ = {
			isa = XCBuildConfiguration;
			buildSettings = {
				ASSETCATALOG_COMPILER_APPICON_NAME = AppIcon;
				ASSETCATALOG_COMPILER_GLOBAL_ACCENT_COLOR_NAME = AccentColor;
				CODE_SIGN_STYLE = Automatic;
				DEVELOPMENT_TEAM = QQBP35G9A8;
				INFOPLIST_FILE = "Bundle Example/Info.plist";
				LD_RUNPATH_SEARCH_PATHS = (
					"$(inherited)",
					"@executable_path/Frameworks",
				);
				PRODUCT_BUNDLE_IDENTIFIER = "com.mikhailra.Bundle-Example";
				PRODUCT_NAME = "$(TARGET_NAME)";
				SWIFT_VERSION = 5.0;
				TARGETED_DEVICE_FAMILY = "1,2";
			};
			name = Release;
		};
/* End XCBuildConfiguration section */

/* Begin XCConfigurationList section */
		FCADCFDE261227A100E52960 /* Build configuration list for PBXProject "Bundle Example" */ = {
			isa = XCConfigurationList;
			buildConfigurations = (
				FCADCFF5261227A200E52960 /* Debug */,
				FCADCFF6261227A200E52960 /* Release */,
			);
			defaultConfigurationIsVisible = 0;
			defaultConfigurationName = Release;
		};
		FCADCFF7261227A200E52960 /* Build configuration list for PBXNativeTarget "Bundle Example" */ = {
			isa = XCConfigurationList;
			buildConfigurations = (
				FCADCFF8261227A200E52960 /* Debug */,
				FCADCFF9261227A200E52960 /* Release */,
			);
			defaultConfigurationIsVisible = 0;
			defaultConfigurationName = Release;
		};
/* End XCConfigurationList section */
	};
	rootObject = FCADCFDB261227A100E52960 /* Project object */;
}
